
Microsoft Visual Studio Solution File, Format Version 12.00
# Visual Studio Version 17
VisualStudioVersion = 17.6.33829.357
MinimumVisualStudioVersion = 10.0.40219.1
Project("{FAE04EC0-301F-11D3-BF4B-00C04F79EFBC}") = "BL", "BL\BL.csproj", "{63667D34-A9A3-4897-B59D-FB5EF1D1B9FB}"
EndProject
Project("{FAE04EC0-301F-11D3-BF4B-00C04F79EFBC}") = "DL", "DL\DL.csproj", "{D4C17DAE-61F5-4000-92C9-695190ADB69E}"
EndProject
Project("{FAE04EC0-301F-11D3-BF4B-00C04F79EFBC}") = "ML", "ML\ML.csproj", "{A2EB9189-A551-4938-BC8F-33C7632E888B}"
EndProject
Project("{FAE04EC0-301F-11D3-BF4B-00C04F79EFBC}") = "PL_", "PL_\PL_.csproj", "{9521A8D7-2262-4B01-8612-8144A76E8216}"
EndProject
Project("{FAE04EC0-301F-11D3-BF4B-00C04F79EFBC}") = "ENF", "ENF\ENF.csproj", "{D4FCA327-5383-49A2-B8C4-F2B33719974C}"
EndProject
Global
	GlobalSection(SolutionConfigurationPlatforms) = preSolution
		Debug|Any CPU = Debug|Any CPU
		Release|Any CPU = Release|Any CPU
	EndGlobalSection
	GlobalSection(ProjectConfigurationPlatforms) = postSolution
		{63667D34-A9A3-4897-B59D-FB5EF1D1B9FB}.Debug|Any CPU.ActiveCfg = Debug|Any CPU
		{63667D34-A9A3-4897-B59D-FB5EF1D1B9FB}.Debug|Any CPU.Build.0 = Debug|Any CPU
		{63667D34-A9A3-4897-B59D-FB5EF1D1B9FB}.Release|Any CPU.ActiveCfg = Release|Any CPU
		{63667D34-A9A3-4897-B59D-FB5EF1D1B9FB}.Release|Any CPU.Build.0 = Release|Any CPU
		{D4C17DAE-61F5-4000-92C9-695190ADB69E}.Debug|Any CPU.ActiveCfg = Debug|Any CPU
		{D4C17DAE-61F5-4000-92C9-695190ADB69E}.Debug|Any CPU.Build.0 = Debug|Any CPU
		{D4C17DAE-61F5-4000-92C9-695190ADB69E}.Release|Any CPU.ActiveCfg = Release|Any CPU
		{D4C17DAE-61F5-4000-92C9-695190ADB69E}.Release|Any CPU.Build.0 = Release|Any CPU
		{A2EB9189-A551-4938-BC8F-33C7632E888B}.Debug|Any CPU.ActiveCfg = Debug|Any CPU
		{A2EB9189-A551-4938-BC8F-33C7632E888B}.Debug|Any CPU.Build.0 = Debug|Any CPU
		{A2EB9189-A551-4938-BC8F-33C7632E888B}.Release|Any CPU.ActiveCfg = Release|Any CPU
		{A2EB9189-A551-4938-BC8F-33C7632E888B}.Release|Any CPU.Build.0 = Release|Any CPU
		{9521A8D7-2262-4B01-8612-8144A76E8216}.Debug|Any CPU.ActiveCfg = Debug|Any CPU
		{9521A8D7-2262-4B01-8612-8144A76E8216}.Debug|Any CPU.Build.0 = Debug|Any CPU
		{9521A8D7-2262-4B01-8612-8144A76E8216}.Release|Any CPU.ActiveCfg = Release|Any CPU
		{9521A8D7-2262-4B01-8612-8144A76E8216}.Release|Any CPU.Build.0 = Release|Any CPU
		{D4FCA327-5383-49A2-B8C4-F2B33719974C}.Debug|Any CPU.ActiveCfg = Debug|Any CPU
		{D4FCA327-5383-49A2-B8C4-F2B33719974C}.Debug|Any CPU.Build.0 = Debug|Any CPU
		{D4FCA327-5383-49A2-B8C4-F2B33719974C}.Release|Any CPU.ActiveCfg = Release|Any CPU
		{D4FCA327-5383-49A2-B8C4-F2B33719974C}.Release|Any CPU.Build.0 = Release|Any CPU
	EndGlobalSection
	GlobalSection(SolutionProperties) = preSolution
		HideSolutionNode = FALSE
	EndGlobalSection
	GlobalSection(ExtensibilityGlobals) = postSolution
		SolutionGuid = {027E99F4-6E29-47E6-99F1-3739C038B164}
	EndGlobalSection
EndGlobal
